
Microsoft Visual Studio Solution File, Format Version 12.00
# Visual Studio Version 16
VisualStudioVersion = 16.0.33328.57
MinimumVisualStudioVersion = 10.0.40219.1
Project("{FAE04EC0-301F-11D3-BF4B-00C04F79EFBC}") = "laba5", "laba5\laba5.csproj", "{775E3902-2DDC-4E3F-9D08-5B149395DF47}"
EndProject
Global
	GlobalSection(SolutionConfigurationPlatforms) = preSolution
		Debug|Any CPU = Debug|Any CPU
		Release|Any CPU = Release|Any CPU
	EndGlobalSection
	GlobalSection(ProjectConfigurationPlatforms) = postSolution
		{775E3902-2DDC-4E3F-9D08-5B149395DF47}.Debug|Any CPU.ActiveCfg = Debug|Any CPU
		{775E3902-2DDC-4E3F-9D08-5B149395DF47}.Debug|Any CPU.Build.0 = Debug|Any CPU
		{775E3902-2DDC-4E3F-9D08-5B149395DF47}.Release|Any CPU.ActiveCfg = Release|Any CPU
		{775E3902-2DDC-4E3F-9D08-5B149395DF47}.Release|Any CPU.Build.0 = Release|Any CPU
	EndGlobalSection
	GlobalSection(SolutionProperties) = preSolution
		HideSolutionNode = FALSE
	EndGlobalSection
	GlobalSection(ExtensibilityGlobals) = postSolution
		SolutionGuid = {AD7B8DE0-C11E-4C30-B7C2-624338FFC34E}
	EndGlobalSection
EndGlobal
